
Microsoft Visual Studio Solution File, Format Version 12.00
# Visual Studio 15
VisualStudioVersion = 15.0.27703.2047
MinimumVisualStudioVersion = 10.0.40219.1
Project("{FAE04EC0-301F-11D3-BF4B-00C04F79EFBC}") = "connect4withFrontend", "connect4withFrontend\connect4withFrontend.csproj", "{9399FB30-CF1E-4504-BEC6-18481ABF8B01}"
EndProject
Project("{FAE04EC0-301F-11D3-BF4B-00C04F79EFBC}") = "connect4withFrontend.Tests", "connect4withFrontend.Tests\connect4withFrontend.Tests.csproj", "{B983AA20-9238-4B58-A14C-9C7F9A98F4CE}"
EndProject
Global
	GlobalSection(SolutionConfigurationPlatforms) = preSolution
		Debug|Any CPU = Debug|Any CPU
		Release|Any CPU = Release|Any CPU
	EndGlobalSection
	GlobalSection(ProjectConfigurationPlatforms) = postSolution
		{9399FB30-CF1E-4504-BEC6-18481ABF8B01}.Debug|Any CPU.ActiveCfg = Debug|Any CPU
		{9399FB30-CF1E-4504-BEC6-18481ABF8B01}.Debug|Any CPU.Build.0 = Debug|Any CPU
		{9399FB30-CF1E-4504-BEC6-18481ABF8B01}.Release|Any CPU.ActiveCfg = Release|Any CPU
		{9399FB30-CF1E-4504-BEC6-18481ABF8B01}.Release|Any CPU.Build.0 = Release|Any CPU
		{B983AA20-9238-4B58-A14C-9C7F9A98F4CE}.Debug|Any CPU.ActiveCfg = Debug|Any CPU
		{B983AA20-9238-4B58-A14C-9C7F9A98F4CE}.Debug|Any CPU.Build.0 = Debug|Any CPU
		{B983AA20-9238-4B58-A14C-9C7F9A98F4CE}.Release|Any CPU.ActiveCfg = Release|Any CPU
		{B983AA20-9238-4B58-A14C-9C7F9A98F4CE}.Release|Any CPU.Build.0 = Release|Any CPU
	EndGlobalSection
	GlobalSection(SolutionProperties) = preSolution
		HideSolutionNode = FALSE
	EndGlobalSection
	GlobalSection(ExtensibilityGlobals) = postSolution
		SolutionGuid = {D387A54C-0577-4D70-BBEF-6ABE63C275A6}
	EndGlobalSection
EndGlobal
